
Microsoft Visual Studio Solution File, Format Version 12.00
# Visual Studio Version 17
VisualStudioVersion = 17.1.32414.318
MinimumVisualStudioVersion = 10.0.40219.1
Project("{FAE04EC0-301F-11D3-BF4B-00C04F79EFBC}") = "plotLabjack", "plotLabjack\plotLabjack.csproj", "{93DFF17E-C414-4926-9FA0-631A2ADB2F9D}"
EndProject
Project("{54435603-DBB4-11D2-8724-00A0C9A8B90C}") = "SetupLabjack", "SetupLabjack\SetupLabjack.vdproj", "{42FA2D55-5033-4AF4-8B06-97F6A9E20331}"
EndProject
Global
	GlobalSection(SolutionConfigurationPlatforms) = preSolution
		Debug|Any CPU = Debug|Any CPU
		Release|Any CPU = Release|Any CPU
	EndGlobalSection
	GlobalSection(ProjectConfigurationPlatforms) = postSolution
		{93DFF17E-C414-4926-9FA0-631A2ADB2F9D}.Debug|Any CPU.ActiveCfg = Debug|Any CPU
		{93DFF17E-C414-4926-9FA0-631A2ADB2F9D}.Debug|Any CPU.Build.0 = Debug|Any CPU
		{93DFF17E-C414-4926-9FA0-631A2ADB2F9D}.Release|Any CPU.ActiveCfg = Release|Any CPU
		{93DFF17E-C414-4926-9FA0-631A2ADB2F9D}.Release|Any CPU.Build.0 = Release|Any CPU
		{42FA2D55-5033-4AF4-8B06-97F6A9E20331}.Debug|Any CPU.ActiveCfg = Debug
		{42FA2D55-5033-4AF4-8B06-97F6A9E20331}.Release|Any CPU.ActiveCfg = Release
	EndGlobalSection
	GlobalSection(SolutionProperties) = preSolution
		HideSolutionNode = FALSE
	EndGlobalSection
	GlobalSection(ExtensibilityGlobals) = postSolution
		SolutionGuid = {8E969DB3-0334-47C1-A3B3-B3E158CEE5D9}
	EndGlobalSection
EndGlobal
